
Microsoft Visual Studio Solution File, Format Version 12.00
# Visual Studio 15
VisualStudioVersion = 15.0.27703.2026
MinimumVisualStudioVersion = 10.0.40219.1
Project("{FAE04EC0-301F-11D3-BF4B-00C04F79EFBC}") = "Gal", "Gal\Gal.csproj", "{F44C6E13-04E9-4DE4-B9ED-82E367A44B05}"
EndProject
Global
	GlobalSection(SolutionConfigurationPlatforms) = preSolution
		Debug|Any CPU = Debug|Any CPU
		Release|Any CPU = Release|Any CPU
	EndGlobalSection
	GlobalSection(ProjectConfigurationPlatforms) = postSolution
		{F44C6E13-04E9-4DE4-B9ED-82E367A44B05}.Debug|Any CPU.ActiveCfg = Debug|Any CPU
		{F44C6E13-04E9-4DE4-B9ED-82E367A44B05}.Debug|Any CPU.Build.0 = Debug|Any CPU
		{F44C6E13-04E9-4DE4-B9ED-82E367A44B05}.Release|Any CPU.ActiveCfg = Release|Any CPU
		{F44C6E13-04E9-4DE4-B9ED-82E367A44B05}.Release|Any CPU.Build.0 = Release|Any CPU
	EndGlobalSection
	GlobalSection(SolutionProperties) = preSolution
		HideSolutionNode = FALSE
	EndGlobalSection
	GlobalSection(ExtensibilityGlobals) = postSolution
		SolutionGuid = {524178D3-6714-424C-BBAD-0F5B69403B08}
	EndGlobalSection
EndGlobal
